lockfileVersion: '9.0'

settings:
  autoInstallPeers: true
  excludeLinksFromLockfile: false

importers:

  .:
    dependencies:
      '@dfinity/candid':
        specifier: ~3.3.0
        version: 3.3.1(@dfinity/principal@3.3.1)
      '@dfinity/principal':
        specifier: ~3.3.0
        version: 3.3.1
      '@dfinity/vetkeys':
        specifier: ^0.4.0
        version: 0.4.0(@noble/hashes@1.8.0)

packages:

  '@dfinity/agent@3.3.1':
    resolution: {integrity: sha512-U1zWIiCgJmxNet2NpKN+2UgOcO/OFC+FqGEpIsvu964eH7FeEMagmSZ5xTIsXSL9sN0mR7gY5Fuz+bv5XSBJQg==}
    deprecated: 'This package has been deprecated. Use @icp-sdk/core/agent instead. Migration guide: https://js.icp.build/core/latest/upgrading/v5'
    peerDependencies:
      '@dfinity/candid': 3.3.1
      '@dfinity/principal': 3.3.1
      '@noble/hashes': ^1.8.0

  '@dfinity/candid@3.3.1':
    resolution: {integrity: sha512-BOvhZhQarrpA5ErwLwXW/M28nSx3e0ZlV0iyJ+MvH6SkFcZqATVBPA0rVn57uDtMFboT8TzlA3RoW+YBzHxLJQ==}
    peerDependencies:
      '@dfinity/principal': 3.3.1

  '@dfinity/cbor@0.2.2':
    resolution: {integrity: sha512-GPJpH73kDEKbUBdUjY80lz7cq9l0vm1h/7ppejPV6O0ZTqCLrYspssYvqjRmK4aNnJ/SKXsP0rg9LYX7zpegaA==}

  '@dfinity/principal@3.3.1':
    resolution: {integrity: sha512-UWloNRbDHSwVV/gec0CrtWm/cHODPgu+jgwn5iERheVwYCEp+yGXVIssUkJeN6wFxraqqCFcoBUvg7vtWM+GBg==}
    deprecated: 'This package has been deprecated. Use @icp-sdk/core/principal instead. Migration guide: https://js.icp.build/core/latest/upgrading/v5'

  '@dfinity/vetkeys@0.4.0':
    resolution: {integrity: sha512-MLa5UvseEOVB6HgcKYtIDOZc6De0tdRm61dZlmAVKKqjnZuXoUJqypDbMe30EnofH0JMjvGQP2jGvxGRKC6nGQ==}

  '@noble/curves@1.9.7':
    resolution: {integrity: sha512-gbKGcRUYIjA3/zCCNaWDciTMFI0dCkvou3TL8Zmy5Nc7sJ47a0jtOeZoTaMxkuqRo9cRhjOdZJXegxYE5FN/xw==}
    engines: {node: ^14.21.3 || >=16}

  '@noble/hashes@1.8.0':
    resolution: {integrity: sha512-jCs9ldd7NwzpgXDIf6P3+NrHh9/sD6CQdxHyjQI+h/6rDNo88ypBxxz45UDuZHz9r3tNz7N/VInSVoVdtXEI4A==}
    engines: {node: ^14.21.3 || >=16}

  idb-keyval@6.2.2:
    resolution: {integrity: sha512-yjD9nARJ/jb1g+CvD0tlhUHOrJ9Sy0P8T9MF3YaLlHnSRpwPfpTX0XIvpmw3gAJUmEu3FiICLBDPXVwyEvrleg==}

snapshots:

  '@dfinity/agent@3.3.1(@dfinity/candid@3.3.1(@dfinity/principal@3.3.1))(@dfinity/principal@3.3.1)(@noble/hashes@1.8.0)':
    dependencies:
      '@dfinity/candid': 3.3.1(@dfinity/principal@3.3.1)
      '@dfinity/cbor': 0.2.2
      '@dfinity/principal': 3.3.1
      '@noble/curves': 1.9.7
      '@noble/hashes': 1.8.0

  '@dfinity/candid@3.3.1(@dfinity/principal@3.3.1)':
    dependencies:
      '@dfinity/principal': 3.3.1

  '@dfinity/cbor@0.2.2': {}

  '@dfinity/principal@3.3.1':
    dependencies:
      '@noble/hashes': 1.8.0

  '@dfinity/vetkeys@0.4.0(@noble/hashes@1.8.0)':
    dependencies:
      '@dfinity/agent': 3.3.1(@dfinity/candid@3.3.1(@dfinity/principal@3.3.1))(@dfinity/principal@3.3.1)(@noble/hashes@1.8.0)
      '@dfinity/candid': 3.3.1(@dfinity/principal@3.3.1)
      '@dfinity/principal': 3.3.1
      idb-keyval: 6.2.2
    transitivePeerDependencies:
      - '@noble/hashes'

  '@noble/curves@1.9.7':
    dependencies:
      '@noble/hashes': 1.8.0

  '@noble/hashes@1.8.0': {}

  idb-keyval@6.2.2: {}
